// !$*UTF8*$!
{
	archiveVersion = 1;
	classes = {
	};
	objectVersion = 46;
	objects = {

/* Begin PBXBuildFile section */
		017CD2EC1B5F387E00C5BFB2 /* BNRImageStore.m in Sources */ = {isa = PBXBuildFile; fileRef = 017CD2EB1B5F387E00C5BFB2 /* BNRImageStore.m */; };
		01868D741B5DE0FD00B148B7 /* BNRDetailViewController.m in Sources */ = {isa = PBXBuildFile; fileRef = 01868D721B5DE0FD00B148B7 /* BNRDetailViewController.m */; };
		01868D751B5DE0FD00B148B7 /* BNRDetailViewController.xib in Resources */ = {isa = PBXBuildFile; fileRef = 01868D731B5DE0FD00B148B7 /* BNRDetailViewController.xib */; };
		01ADE40A1B55F4340090D77C /* Foundation.framework in Frameworks */ = {isa = PBXBuildFile; fileRef = 01ADE4091B55F4340090D77C /* Foundation.framework */; };
		01ADE40C1B55F4340090D77C /* CoreGraphics.framework in Frameworks */ = {isa = PBXBuildFile; fileRef = 01ADE40B1B55F4340090D77C /* CoreGraphics.framework */; };
		01ADE40E1B55F4340090D77C /* UIKit.framework in Frameworks */ = {isa = PBXBuildFile; fileRef = 01ADE40D1B55F4340090D77C /* UIKit.framework */; };
		01ADE4141B55F4340090D77C /* InfoPlist.strings in Resources */ = {isa = PBXBuildFile; fileRef = 01ADE4121B55F4340090D77C /* InfoPlist.strings */; };
		01ADE4161B55F4340090D77C /* main.m in Sources */ = {isa = PBXBuildFile; fileRef = 01ADE4151B55F4340090D77C /* main.m */; };
		01ADE41A1B55F4340090D77C /* BNRAppDelegate.m in Sources */ = {isa = PBXBuildFile; fileRef = 01ADE4191B55F4340090D77C /* BNRAppDelegate.m */; };
		01ADE41C1B55F4340090D77C /* Images.xcassets in Resources */ = {isa = PBXBuildFile; fileRef = 01ADE41B1B55F4340090D77C /* Images.xcassets */; };
		01ADE4231B55F4340090D77C /* XCTest.framework in Frameworks */ = {isa = PBXBuildFile; fileRef = 01ADE4221B55F4340090D77C /* XCTest.framework */; };
		01ADE4241B55F4340090D77C /* Foundation.framework in Frameworks */ = {isa = PBXBuildFile; fileRef = 01ADE4091B55F4340090D77C /* Foundation.framework */; };
		01ADE4251B55F4340090D77C /* UIKit.framework in Frameworks */ = {isa = PBXBuildFile; fileRef = 01ADE40D1B55F4340090D77C /* UIKit.framework */; };
		01ADE42D1B55F4340090D77C /* InfoPlist.strings in Resources */ = {isa = PBXBuildFile; fileRef = 01ADE42B1B55F4340090D77C /* InfoPlist.strings */; };
		01ADE42F1B55F4340090D77C /* HomepwnerTests.m in Sources */ = {isa = PBXBuildFile; fileRef = 01ADE42E1B55F4340090D77C /* HomepwnerTests.m */; };
		01ADE43A1B55F47D0090D77C /* BNRItemsViewController.m in Sources */ = {isa = PBXBuildFile; fileRef = 01ADE4391B55F47D0090D77C /* BNRItemsViewController.m */; };
		01ADE43D1B55F9AA0090D77C /* BNRItem.m in Sources */ = {isa = PBXBuildFile; fileRef = 01ADE43C1B55F9AA0090D77C /* BNRItem.m */; };
		01ADE4401B55FB820090D77C /* BNRItemStore.m in Sources */ = {isa = PBXBuildFile; fileRef = 01ADE43F1B55FB820090D77C /* BNRItemStore.m */; };
/* End PBXBuildFile section */

/* Begin PBXContainerItemProxy section */
		01ADE4261B55F4340090D77C /* PBXContainerItemProxy */ = {
			isa = PBXContainerItemProxy;
			containerPortal = 01ADE3FE1B55F4340090D77C /* Project object */;
			proxyType = 1;
			remoteGlobalIDString = 01ADE4051B55F4340090D77C;
			remoteInfo = Homepwner;
		};
/* End PBXContainerItemProxy section */

/* Begin PBXFileReference section */
		017CD2EA1B5F387E00C5BFB2 /* BNRImageStore.h */ = {isa = PBXFileReference; fileEncoding = 4; lastKnownFileType = sourcecode.c.h; path = BNRImageStore.h; sourceTree = SOURCE_ROOT; };
		017CD2EB1B5F387E00C5BFB2 /* BNRImageStore.m */ = {isa = PBXFileReference; fileEncoding = 4; lastKnownFileType = sourcecode.c.objc; path = BNRImageStore.m; sourceTree = SOURCE_ROOT; };
		01868D711B5DE0FD00B148B7 /* BNRDetailViewController.h */ = {isa = PBXFileReference; fileEncoding = 4; lastKnownFileType = sourcecode.c.h; path = BNRDetailViewController.h; sourceTree = SOURCE_ROOT; };
		01868D721B5DE0FD00B148B7 /* BNRDetailViewController.m */ = {isa = PBXFileReference; fileEncoding = 4; lastKnownFileType = sourcecode.c.objc; path = BNRDetailViewController.m; sourceTree = SOURCE_ROOT; };
		01868D731B5DE0FD00B148B7 /* BNRDetailViewController.xib */ = {isa = PBXFileReference; fileEncoding = 4; lastKnownFileType = file.xib; path = BNRDetailViewController.xib; sourceTree = SOURCE_ROOT; };
		01ADE4061B55F4340090D77C /* Homepwner.app */ = {isa = PBXFileReference; explicitFileType = wrapper.application; includeInIndex = 0; path = Homepwner.app; sourceTree = BUILT_PRODUCTS_DIR; };
		01ADE4091B55F4340090D77C /* Foundation.framework */ = {isa = PBXFileReference; lastKnownFileType = wrapper.framework; name = Foundation.framework; path = System/Library/Frameworks/Foundation.framework; sourceTree = SDKROOT; };
		01ADE40B1B55F4340090D77C /* CoreGraphics.framework */ = {isa = PBXFileReference; lastKnownFileType = wrapper.framework; name = CoreGraphics.framework; path = System/Library/Frameworks/CoreGraphics.framework; sourceTree = SDKROOT; };
		01ADE40D1B55F4340090D77C /* UIKit.framework */ = {isa = PBXFileReference; lastKnownFileType = wrapper.framework; name = UIKit.framework; path = System/Library/Frameworks/UIKit.framework; sourceTree = SDKROOT; };
		01ADE4111B55F4340090D77C /* Homepwner-Info.plist */ = {isa = PBXFileReference; lastKnownFileType = text.plist.xml; path = "Homepwner-Info.plist"; sourceTree = "<group>"; };
		01ADE4131B55F4340090D77C /* en */ = {isa = PBXFileReference; lastKnownFileType = text.plist.strings; name = en; path = en.lproj/InfoPlist.strings; sourceTree = "<group>"; };
		01ADE4151B55F4340090D77C /* main.m */ = {isa = PBXFileReference; lastKnownFileType = sourcecode.c.objc; path = main.m; sourceTree = "<group>"; };
		01ADE4171B55F4340090D77C /* Homepwner-Prefix.pch */ = {isa = PBXFileReference; lastKnownFileType = sourcecode.c.h; path = "Homepwner-Prefix.pch"; sourceTree = "<group>"; };
		01ADE4181B55F4340090D77C /* BNRAppDelegate.h */ = {isa = PBXFileReference; lastKnownFileType = sourcecode.c.h; path = BNRAppDelegate.h; sourceTree = "<group>"; };
		01ADE4191B55F4340090D77C /* BNRAppDelegate.m */ = {isa = PBXFileReference; lastKnownFileType = sourcecode.c.objc; path = BNRAppDelegate.m; sourceTree = "<group>"; };
		01ADE41B1B55F4340090D77C /* Images.xcassets */ = {isa = PBXFileReference; lastKnownFileType = folder.assetcatalog; path = Images.xcassets; sourceTree = "<group>"; };
		01ADE4211B55F4340090D77C /* HomepwnerTests.xctest */ = {isa = PBXFileReference; explicitFileType = wrapper.cfbundle; includeInIndex = 0; path = HomepwnerTests.xctest; sourceTree = BUILT_PRODUCTS_DIR; };
		01ADE4221B55F4340090D77C /* XCTest.framework */ = {isa = PBXFileReference; lastKnownFileType = wrapper.framework; name = XCTest.framework; path = Library/Frameworks/XCTest.framework; sourceTree = DEVELOPER_DIR; };
		01ADE42A1B55F4340090D77C /* HomepwnerTests-Info.plist */ = {isa = PBXFileReference; lastKnownFileType = text.plist.xml; path = "HomepwnerTests-Info.plist"; sourceTree = "<group>"; };
		01ADE42C1B55F4340090D77C /* en */ = {isa = PBXFileReference; lastKnownFileType = text.plist.strings; name = en; path = en.lproj/InfoPlist.strings; sourceTree = "<group>"; };
		01ADE42E1B55F4340090D77C /* HomepwnerTests.m */ = {isa = PBXFileReference; lastKnownFileType = sourcecode.c.objc; path = HomepwnerTests.m; sourceTree = "<group>"; };
		01ADE4381B55F47D0090D77C /* BNRItemsViewController.h */ = {isa = PBXFileReference; fileEncoding = 4; lastKnownFileType = sourcecode.c.h; name = BNRItemsViewController.h; path = ../BNRItemsViewController.h; sourceTree = "<group>"; };
		01ADE4391B55F47D0090D77C /* BNRItemsViewController.m */ = {isa = PBXFileReference; fileEncoding = 4; lastKnownFileType = sourcecode.c.objc; name = BNRItemsViewController.m; path = ../BNRItemsViewController.m; sourceTree = "<group>"; };
		01ADE43B1B55F9AA0090D77C /* BNRItem.h */ = {isa = PBXFileReference; fileEncoding = 4; lastKnownFileType = sourcecode.c.h; name = BNRItem.h; path = ../BNRItem.h; sourceTree = "<group>"; };
		01ADE43C1B55F9AA0090D77C /* BNRItem.m */ = {isa = PBXFileReference; fileEncoding = 4; lastKnownFileType = sourcecode.c.objc; name = BNRItem.m; path = ../BNRItem.m; sourceTree = "<group>"; };
		01ADE43E1B55FB820090D77C /* BNRItemStore.h */ = {isa = PBXFileReference; fileEncoding = 4; lastKnownFileType = sourcecode.c.h; name = BNRItemStore.h; path = ../BNRItemStore.h; sourceTree = "<group>"; };
		01ADE43F1B55FB820090D77C /* BNRItemStore.m */ = {isa = PBXFileReference; fileEncoding = 4; lastKnownFileType = sourcecode.c.objc; name = BNRItemStore.m; path = ../BNRItemStore.m; sourceTree = "<group>"; };
/* End PBXFileReference section */

/* Begin PBXFrameworksBuildPhase section */
		01ADE4031B55F4340090D77C /* Frameworks */ = {
			isa = PBXFrameworksBuildPhase;
			buildActionMask = 2147483647;
			files = (
				01ADE40C1B55F4340090D77C /* CoreGraphics.framework in Frameworks */,
				01ADE40E1B55F4340090D77C /* UIKit.framework in Frameworks */,
				01ADE40A1B55F4340090D77C /* Foundation.framework in Frameworks */,
			);
			runOnlyForDeploymentPostprocessing = 0;
		};
		01ADE41E1B55F4340090D77C /* Frameworks */ = {
			isa = PBXFrameworksBuildPhase;
			buildActionMask = 2147483647;
			files = (
				01ADE4231B55F4340090D77C /* XCTest.framework in Frameworks */,
				01ADE4251B55F4340090D77C /* UIKit.framework in Frameworks */,
				01ADE4241B55F4340090D77C /* Foundation.framework in Frameworks */,
			);
			runOnlyForDeploymentPostprocessing = 0;
		};
/* End PBXFrameworksBuildPhase section */

/* Begin PBXGroup section */
		01ADE3FD1B55F4340090D77C = {
			isa = PBXGroup;
			children = (
				01ADE40F1B55F4340090D77C /* Homepwner */,
				01ADE4281B55F4340090D77C /* HomepwnerTests */,
				01ADE4081B55F4340090D77C /* Frameworks */,
				01ADE4071B55F4340090D77C /* Products */,
			);
			sourceTree = "<group>";
		};
		01ADE4071B55F4340090D77C /* Products */ = {
			isa = PBXGroup;
			children = (
				01ADE4061B55F4340090D77C /* Homepwner.app */,
				01ADE4211B55F4340090D77C /* HomepwnerTests.xctest */,
			);
			name = Products;
			sourceTree = "<group>";
		};
		01ADE4081B55F4340090D77C /* Frameworks */ = {
			isa = PBXGroup;
			children = (
				01ADE4091B55F4340090D77C /* Foundation.framework */,
				01ADE40B1B55F4340090D77C /* CoreGraphics.framework */,
				01ADE40D1B55F4340090D77C /* UIKit.framework */,
				01ADE4221B55F4340090D77C /* XCTest.framework */,
			);
			name = Frameworks;
			sourceTree = "<group>";
		};
		01ADE40F1B55F4340090D77C /* Homepwner */ = {
			isa = PBXGroup;
			children = (
				01ADE43B1B55F9AA0090D77C /* BNRItem.h */,
				01ADE43C1B55F9AA0090D77C /* BNRItem.m */,
				01ADE43E1B55FB820090D77C /* BNRItemStore.h */,
				01ADE43F1B55FB820090D77C /* BNRItemStore.m */,
				01ADE4381B55F47D0090D77C /* BNRItemsViewController.h */,
				01ADE4391B55F47D0090D77C /* BNRItemsViewController.m */,
				01ADE4181B55F4340090D77C /* BNRAppDelegate.h */,
				01ADE4191B55F4340090D77C /* BNRAppDelegate.m */,
				01868D711B5DE0FD00B148B7 /* BNRDetailViewController.h */,
				01868D721B5DE0FD00B148B7 /* BNRDetailViewController.m */,
				017CD2EA1B5F387E00C5BFB2 /* BNRImageStore.h */,
				017CD2EB1B5F387E00C5BFB2 /* BNRImageStore.m */,
				01868D731B5DE0FD00B148B7 /* BNRDetailViewController.xib */,
				01ADE41B1B55F4340090D77C /* Images.xcassets */,
				01ADE4101B55F4340090D77C /* Supporting Files */,
			);
			path = Homepwner;
			sourceTree = "<group>";
		};
		01ADE4101B55F4340090D77C /* Supporting Files */ = {
			isa = PBXGroup;
			children = (
				01ADE4111B55F4340090D77C /* Homepwner-Info.plist */,
				01ADE4121B55F4340090D77C /* InfoPlist.strings */,
				01ADE4151B55F4340090D77C /* main.m */,
				01ADE4171B55F4340090D77C /* Homepwner-Prefix.pch */,
			);
			name = "Supporting Files";
			sourceTree = "<group>";
		};
		01ADE4281B55F4340090D77C /* HomepwnerTests */ = {
			isa = PBXGroup;
			children = (
				01ADE42E1B55F4340090D77C /* HomepwnerTests.m */,
				01ADE4291B55F4340090D77C /* Supporting Files */,
			);
			path = HomepwnerTests;
			sourceTree = "<group>";
		};
		01ADE4291B55F4340090D77C /* Supporting Files */ = {
			isa = PBXGroup;
			children = (
				01ADE42A1B55F4340090D77C /* HomepwnerTests-Info.plist */,
				01ADE42B1B55F4340090D77C /* InfoPlist.strings */,
			);
			name = "Supporting Files";
			sourceTree = "<group>";
		};
/* End PBXGroup section */

/* Begin PBXNativeTarget section */
		01ADE4051B55F4340090D77C /* Homepwner */ = {
			isa = PBXNativeTarget;
			buildConfigurationList = 01ADE4321B55F4340090D77C /* Build configuration list for PBXNativeTarget "Homepwner" */;
			buildPhases = (
				01ADE4021B55F4340090D77C /* Sources */,
				01ADE4031B55F4340090D77C /* Frameworks */,
				01ADE4041B55F4340090D77C /* Resources */,
			);
			buildRules = (
			);
			dependencies = (
			);
			name = Homepwner;
			productName = Homepwner;
			productReference = 01ADE4061B55F4340090D77C /* Homepwner.app */;
			productType = "com.apple.product-type.application";
		};
		01ADE4201B55F4340090D77C /* HomepwnerTests */ = {
			isa = PBXNativeTarget;
			buildConfigurationList = 01ADE4351B55F4340090D77C /* Build configuration list for PBXNativeTarget "HomepwnerTests" */;
			buildPhases = (
				01ADE41D1B55F4340090D77C /* Sources */,
				01ADE41E1B55F4340090D77C /* Frameworks */,
				01ADE41F1B55F4340090D77C /* Resources */,
			);
			buildRules = (
			);
			dependencies = (
				01ADE4271B55F4340090D77C /* PBXTargetDependency */,
			);
			name = HomepwnerTests;
			productName = HomepwnerTests;
			productReference = 01ADE4211B55F4340090D77C /* HomepwnerTests.xctest */;
			productType = "com.apple.product-type.bundle.unit-test";
		};
/* End PBXNativeTarget section */

/* Begin PBXProject section */
		01ADE3FE1B55F4340090D77C /* Project object */ = {
			isa = PBXProject;
			attributes = {
				CLASSPREFIX = BNR;
				LastUpgradeCheck = 0510;
				ORGANIZATIONNAME = "Big Nerd Ranch";
				TargetAttributes = {
					01ADE4201B55F4340090D77C = {
						TestTargetID = 01ADE4051B55F4340090D77C;
					};
				};
			};
			buildConfigurationList = 01ADE4011B55F4340090D77C /* Build configuration list for PBXProject "Homepwner" */;
			compatibilityVersion = "Xcode 3.2";
			developmentRegion = English;
			hasScannedForEncodings = 0;
			knownRegions = (
				en,
			);
			mainGroup = 01ADE3FD1B55F4340090D77C;
			productRefGroup = 01ADE4071B55F4340090D77C /* Products */;
			projectDirPath = "";
			projectRoot = "";
			targets = (
				01ADE4051B55F4340090D77C /* Homepwner */,
				01ADE4201B55F4340090D77C /* HomepwnerTests */,
			);
		};
/* End PBXProject section */

/* Begin PBXResourcesBuildPhase section */
		01ADE4041B55F4340090D77C /* Resources */ = {
			isa = PBXResourcesBuildPhase;
			buildActionMask = 2147483647;
			files = (
				01868D751B5DE0FD00B148B7 /* BNRDetailViewController.xib in Resources */,
				01ADE4141B55F4340090D77C /* InfoPlist.strings in Resources */,
				01ADE41C1B55F4340090D77C /* Images.xcassets in Resources */,
			);
			runOnlyForDeploymentPostprocessing = 0;
		};
		01ADE41F1B55F4340090D77C /* Resources */ = {
			isa = PBXResourcesBuildPhase;
			buildActionMask = 2147483647;
			files = (
				01ADE42D1B55F4340090D77C /* InfoPlist.strings in Resources */,
			);
			runOnlyForDeploymentPostprocessing = 0;
		};
/* End PBXResourcesBuildPhase section */

/* Begin PBXSourcesBuildPhase section */
		01ADE4021B55F4340090D77C /* Sources */ = {
			isa = PBXSourcesBuildPhase;
			buildActionMask = 2147483647;
			files = (
				01868D741B5DE0FD00B148B7 /* BNRDetailViewController.m in Sources */,
				01ADE4401B55FB820090D77C /* BNRItemStore.m in Sources */,
				017CD2EC1B5F387E00C5BFB2 /* BNRImageStore.m in Sources */,
				01ADE43A1B55F47D0090D77C /* BNRItemsViewController.m in Sources */,
				01ADE43D1B55F9AA0090D77C /* BNRItem.m in Sources */,
				01ADE4161B55F4340090D77C /* main.m in Sources */,
				01ADE41A1B55F4340090D77C /* BNRAppDelegate.m in Sources */,
			);
			runOnlyForDeploymentPostprocessing = 0;
		};
		01ADE41D1B55F4340090D77C /* Sources */ = {
			isa = PBXSourcesBuildPhase;
			buildActionMask = 2147483647;
			files = (
				01ADE42F1B55F4340090D77C /* HomepwnerTests.m in Sources */,
			);
			runOnlyForDeploymentPostprocessing = 0;
		};
/* End PBXSourcesBuildPhase section */

/* Begin PBXTargetDependency section */
		01ADE4271B55F4340090D77C /* PBXTargetDependency */ = {
			isa = PBXTargetDependency;
			target = 01ADE4051B55F4340090D77C /* Homepwner */;
			targetProxy = 01ADE4261B55F4340090D77C /* PBXContainerItemProxy */;
		};
/* End PBXTargetDependency section */

/* Begin PBXVariantGroup section */
		01ADE4121B55F4340090D77C /* InfoPlist.strings */ = {
			isa = PBXVariantGroup;
			children = (
				01ADE4131B55F4340090D77C /* en */,
			);
			name = InfoPlist.strings;
			sourceTree = "<group>";
		};
		01ADE42B1B55F4340090D77C /* InfoPlist.strings */ = {
			isa = PBXVariantGroup;
			children = (
				01ADE42C1B55F4340090D77C /* en */,
			);
			name = InfoPlist.strings;
			sourceTree = "<group>";
		};
/* End PBXVariantGroup section */

/* Begin XCBuildConfiguration section */
		01ADE4301B55F4340090D77C /* Debug */ = {
			isa = XCBuildConfiguration;
			buildSettings = {
				ALWAYS_SEARCH_USER_PATHS = NO;
				CLANG_CXX_LANGUAGE_STANDARD = "gnu++0x";
				CLANG_CXX_LIBRARY = "libc++";
				CLANG_ENABLE_MODULES = YES;
				CLANG_ENABLE_OBJC_ARC = YES;
				CLANG_WARN_BOOL_CONVERSION = YES;
				CLANG_WARN_CONSTANT_CONVERSION = YES;
				CLANG_WARN_DIRECT_OBJC_ISA_USAGE = YES_ERROR;
				CLANG_WARN_EMPTY_BODY = YES;
				CLANG_WARN_ENUM_CONVERSION = YES;
				CLANG_WARN_INT_CONVERSION = YES;
				CLANG_WARN_OBJC_ROOT_CLASS = YES_ERROR;
				CLANG_WARN__DUPLICATE_METHOD_MATCH = YES;
				"CODE_SIGN_IDENTITY[sdk=iphoneos*]" = "iPhone Developer";
				COPY_PHASE_STRIP = NO;
				GCC_C_LANGUAGE_STANDARD = gnu99;
				GCC_DYNAMIC_NO_PIC = NO;
				GCC_OPTIMIZATION_LEVEL = 0;
				GCC_PREPROCESSOR_DEFINITIONS = (
					"DEBUG=1",
					"$(inherited)",
				);
				GCC_SYMBOLS_PRIVATE_EXTERN = NO;
				GCC_WARN_64_TO_32_BIT_CONVERSION = YES;
				GCC_WARN_ABOUT_RETURN_TYPE = YES_ERROR;
				GCC_WARN_UNDECLARED_SELECTOR = YES;
				GCC_WARN_UNINITIALIZED_AUTOS = YES_AGGRESSIVE;
				GCC_WARN_UNUSED_FUNCTION = YES;
				GCC_WARN_UNUSED_VARIABLE = YES;
				IPHONEOS_DEPLOYMENT_TARGET = 7.1;
				ONLY_ACTIVE_ARCH = YES;
				SDKROOT = iphoneos;
			};
			name = Debug;
		};
		01ADE4311B55F4340090D77C /* Release */ = {
			isa = XCBuildConfiguration;
			buildSettings = {
				ALWAYS_SEARCH_USER_PATHS = NO;
				CLANG_CXX_LANGUAGE_STANDARD = "gnu++0x";
				CLANG_CXX_LIBRARY = "libc++";
				CLANG_ENABLE_MODULES = YES;
				CLANG_ENABLE_OBJC_ARC = YES;
				CLANG_WARN_BOOL_CONVERSION = YES;
				CLANG_WARN_CONSTANT_CONVERSION = YES;
				CLANG_WARN_DIRECT_OBJC_ISA_USAGE = YES_ERROR;
				CLANG_WARN_EMPTY_BODY = YES;
				CLANG_WARN_ENUM_CONVERSION = YES;
				CLANG_WARN_INT_CONVERSION = YES;
				CLANG_WARN_OBJC_ROOT_CLASS = YES_ERROR;
				CLANG_WARN__DUPLICATE_METHOD_MATCH = YES;
				"CODE_SIGN_IDENTITY[sdk=iphoneos*]" = "iPhone Developer";
				COPY_PHASE_STRIP = YES;
				ENABLE_NS_ASSERTIONS = NO;
				GCC_C_LANGUAGE_STANDARD = gnu99;
				GCC_WARN_64_TO_32_BIT_CONVERSION = YES;
				GCC_WARN_ABOUT_RETURN_TYPE = YES_ERROR;
				GCC_WARN_UNDECLARED_SELECTOR = YES;
				GCC_WARN_UNINITIALIZED_AUTOS = YES_AGGRESSIVE;
				GCC_WARN_UNUSED_FUNCTION = YES;
				GCC_WARN_UNUSED_VARIABLE = YES;
				IPHONEOS_DEPLOYMENT_TARGET = 7.1;
				SDKROOT = iphoneos;
				VALIDATE_PRODUCT = YES;
			};
			name = Release;
		};
		01ADE4331B55F4340090D77C /* Debug */ = {
			isa = XCBuildConfiguration;
			buildSettings = {
				ASSETCATALOG_COMPILER_APPICON_NAME = AppIcon;
				ASSETCATALOG_COMPILER_LAUNCHIMAGE_NAME = LaunchImage;
				GCC_PRECOMPILE_PREFIX_HEADER = YES;
				GCC_PREFIX_HEADER = "Homepwner/Homepwner-Prefix.pch";
				INFOPLIST_FILE = "Homepwner/Homepwner-Info.plist";
				IPHONEOS_DEPLOYMENT_TARGET = 7.1;
				PRODUCT_NAME = "$(TARGET_NAME)";
				TARGETED_DEVICE_FAMILY = "1,2";
				WRAPPER_EXTENSION = app;
			};
			name = Debug;
		};
		01ADE4341B55F4340090D77C /* Release */ = {
			isa = XCBuildConfiguration;
			buildSettings = {
				ASSETCATALOG_COMPILER_APPICON_NAME = AppIcon;
				ASSETCATALOG_COMPILER_LAUNCHIMAGE_NAME = LaunchImage;
				GCC_PRECOMPILE_PREFIX_HEADER = YES;
				GCC_PREFIX_HEADER = "Homepwner/Homepwner-Prefix.pch";
				INFOPLIST_FILE = "Homepwner/Homepwner-Info.plist";
				IPHONEOS_DEPLOYMENT_TARGET = 7.1;
				PRODUCT_NAME = "$(TARGET_NAME)";
				TARGETED_DEVICE_FAMILY = "1,2";
				WRAPPER_EXTENSION = app;
			};
			name = Release;
		};
		01ADE4361B55F4340090D77C /* Debug */ = {
			isa = XCBuildConfiguration;
			buildSettings = {
				BUNDLE_LOADER = "$(BUILT_PRODUCTS_DIR)/Homepwner.app/Homepwner";
				FRAMEWORK_SEARCH_PATHS = (
					"$(SDKROOT)/Developer/Library/Frameworks",
					"$(inherited)",
					"$(DEVELOPER_FRAMEWORKS_DIR)",
				);
				GCC_PRECOMPILE_PREFIX_HEADER = YES;
				GCC_PREFIX_HEADER = "Homepwner/Homepwner-Prefix.pch";
				GCC_PREPROCESSOR_DEFINITIONS = (
					"DEBUG=1",
					"$(inherited)",
				);
				INFOPLIST_FILE = "HomepwnerTests/HomepwnerTests-Info.plist";
				PRODUCT_NAME = "$(TARGET_NAME)";
				TEST_HOST = "$(BUNDLE_LOADER)";
				WRAPPER_EXTENSION = xctest;
			};
			name = Debug;
		};
		01ADE4371B55F4340090D77C /* Release */ = {
			isa = XCBuildConfiguration;
			buildSettings = {
				BUNDLE_LOADER = "$(BUILT_PRODUCTS_DIR)/Homepwner.app/Homepwner";
				FRAMEWORK_SEARCH_PATHS = (
					"$(SDKROOT)/Developer/Library/Frameworks",
					"$(inherited)",
					"$(DEVELOPER_FRAMEWORKS_DIR)",
				);
				GCC_PRECOMPILE_PREFIX_HEADER = YES;
				GCC_PREFIX_HEADER = "Homepwner/Homepwner-Prefix.pch";
				INFOPLIST_FILE = "HomepwnerTests/HomepwnerTests-Info.plist";
				PRODUCT_NAME = "$(TARGET_NAME)";
				TEST_HOST = "$(BUNDLE_LOADER)";
				WRAPPER_EXTENSION = xctest;
			};
			name = Release;
		};
/* End XCBuildConfiguration section */

/* Begin XCConfigurationList section */
		01ADE4011B55F4340090D77C /* Build configuration list for PBXProject "Homepwner" */ = {
			isa = XCConfigurationList;
			buildConfigurations = (
				01ADE4301B55F4340090D77C /* Debug */,
				01ADE4311B55F4340090D77C /* Release */,
			);
			defaultConfigurationIsVisible = 0;
			defaultConfigurationName = Release;
		};
		01ADE4321B55F4340090D77C /* Build configuration list for PBXNativeTarget "Homepwner" */ = {
			isa = XCConfigurationList;
			buildConfigurations = (
				01ADE4331B55F4340090D77C /* Debug */,
				01ADE4341B55F4340090D77C /* Release */,
			);
			defaultConfigurationIsVisible = 0;
			defaultConfigurationName = Release;
		};
		01ADE4351B55F4340090D77C /* Build configuration list for PBXNativeTarget "HomepwnerTests" */ = {
			isa = XCConfigurationList;
			buildConfigurations = (
				01ADE4361B55F4340090D77C /* Debug */,
				01ADE4371B55F4340090D77C /* Release */,
			);
			defaultConfigurationIsVisible = 0;
			defaultConfigurationName = Release;
		};
/* End XCConfigurationList section */
	};
	rootObject = 01ADE3FE1B55F4340090D77C /* Project object */;
}
